
Microsoft Visual Studio Solution File, Format Version 12.00
# Visual Studio 15
VisualStudioVersion = 15.0.28307.271
MinimumVisualStudioVersion = 10.0.40219.1
Project("{FAE04EC0-301F-11D3-BF4B-00C04F79EFBC}") = "MemberWebApp", "MemberWebApp\MemberWebApp.csproj", "{5CBE90A5-815B-4C10-8D5F-95C0CEDC9406}"
EndProject
Project("{FAE04EC0-301F-11D3-BF4B-00C04F79EFBC}") = "MemberAppClient", "MemberAppClient\MemberAppClient.csproj", "{18C5264B-676E-4ADA-B39A-D03F0B0524B1}"
EndProject
Global
	GlobalSection(SolutionConfigurationPlatforms) = preSolution
		Debug|Any CPU = Debug|Any CPU
		Release|Any CPU = Release|Any CPU
	EndGlobalSection
	GlobalSection(ProjectConfigurationPlatforms) = postSolution
		{5CBE90A5-815B-4C10-8D5F-95C0CEDC9406}.Debug|Any CPU.ActiveCfg = Debug|Any CPU
		{5CBE90A5-815B-4C10-8D5F-95C0CEDC9406}.Debug|Any CPU.Build.0 = Debug|Any CPU
		{5CBE90A5-815B-4C10-8D5F-95C0CEDC9406}.Release|Any CPU.ActiveCfg = Release|Any CPU
		{5CBE90A5-815B-4C10-8D5F-95C0CEDC9406}.Release|Any CPU.Build.0 = Release|Any CPU
		{18C5264B-676E-4ADA-B39A-D03F0B0524B1}.Debug|Any CPU.ActiveCfg = Debug|Any CPU
		{18C5264B-676E-4ADA-B39A-D03F0B0524B1}.Debug|Any CPU.Build.0 = Debug|Any CPU
		{18C5264B-676E-4ADA-B39A-D03F0B0524B1}.Release|Any CPU.ActiveCfg = Release|Any CPU
		{18C5264B-676E-4ADA-B39A-D03F0B0524B1}.Release|Any CPU.Build.0 = Release|Any CPU
	EndGlobalSection
	GlobalSection(SolutionProperties) = preSolution
		HideSolutionNode = FALSE
	EndGlobalSection
	GlobalSection(ExtensibilityGlobals) = postSolution
		SolutionGuid = {499EAC37-FC68-4990-B9F7-18946D2BA031}
	EndGlobalSection
EndGlobal
